
Microsoft Visual Studio Solution File, Format Version 12.00
Project("{FAE04EC0-301F-11D3-BF4B-00C04F79EFBC}") = "WeatherApp_API_JSON_WPF", "WeatherApp_API_JSON_WPF\WeatherApp_API_JSON_WPF.csproj", "{718D9EA3-5277-409E-AA16-FAD972213F0E}"
EndProject
Project("{FAE04EC0-301F-11D3-BF4B-00C04F79EFBC}") = "WeatherApp.Tests", "WeatherApp.Tests\WeatherApp.Tests.csproj", "{ECECF070-14BE-4BDA-AFA6-06A471D21938}"
EndProject
Global
	GlobalSection(SolutionConfigurationPlatforms) = preSolution
		Debug|Any CPU = Debug|Any CPU
		Release|Any CPU = Release|Any CPU
	EndGlobalSection
	GlobalSection(ProjectConfigurationPlatforms) = postSolution
		{718D9EA3-5277-409E-AA16-FAD972213F0E}.Debug|Any CPU.ActiveCfg = Debug|Any CPU
		{718D9EA3-5277-409E-AA16-FAD972213F0E}.Debug|Any CPU.Build.0 = Debug|Any CPU
		{718D9EA3-5277-409E-AA16-FAD972213F0E}.Release|Any CPU.ActiveCfg = Release|Any CPU
		{718D9EA3-5277-409E-AA16-FAD972213F0E}.Release|Any CPU.Build.0 = Release|Any CPU
		{ECECF070-14BE-4BDA-AFA6-06A471D21938}.Debug|Any CPU.ActiveCfg = Debug|Any CPU
		{ECECF070-14BE-4BDA-AFA6-06A471D21938}.Debug|Any CPU.Build.0 = Debug|Any CPU
		{ECECF070-14BE-4BDA-AFA6-06A471D21938}.Release|Any CPU.ActiveCfg = Release|Any CPU
		{ECECF070-14BE-4BDA-AFA6-06A471D21938}.Release|Any CPU.Build.0 = Release|Any CPU
	EndGlobalSection
EndGlobal
